
Microsoft Visual Studio Solution File, Format Version 12.00
# Visual Studio Version 16
VisualStudioVersion = 16.0.30114.105
MinimumVisualStudioVersion = 10.0.40219.1
Project("{9092AA53-FB77-4645-B42D-1CCCA6BD08BD}") = "NodejsConsoleApp1", "NodejsConsoleApp1\NodejsConsoleApp1.njsproj", "{2C7D59FF-FD4B-4A71-ABDF-478528BF01D6}"
EndProject
Global
	GlobalSection(SolutionConfigurationPlatforms) = preSolution
		Debug|Any CPU = Debug|Any CPU
		Release|Any CPU = Release|Any CPU
	EndGlobalSection
	GlobalSection(ProjectConfigurationPlatforms) = postSolution
		{2C7D59FF-FD4B-4A71-ABDF-478528BF01D6}.Debug|Any CPU.ActiveCfg = Debug|Any CPU
		{2C7D59FF-FD4B-4A71-ABDF-478528BF01D6}.Debug|Any CPU.Build.0 = Debug|Any CPU
		{2C7D59FF-FD4B-4A71-ABDF-478528BF01D6}.Release|Any CPU.ActiveCfg = Release|Any CPU
		{2C7D59FF-FD4B-4A71-ABDF-478528BF01D6}.Release|Any CPU.Build.0 = Release|Any CPU
	EndGlobalSection
	GlobalSection(SolutionProperties) = preSolution
		HideSolutionNode = FALSE
	EndGlobalSection
	GlobalSection(ExtensibilityGlobals) = postSolution
		SolutionGuid = {B07607AC-80D2-4BFC-8B54-C56494BA8123}
	EndGlobalSection
EndGlobal
